
Microsoft Visual Studio Solution File, Format Version 12.00
# Visual Studio Version 17
VisualStudioVersion = 17.0.31903.59
MinimumVisualStudioVersion = 10.0.40219.1
Project("{FAE04EC0-301F-11D3-BF4B-00C04F79EFBC}") = "Paracord.Shared.Tests", "test\Paracord.Shared.Tests.csproj", "{4AA8F291-5555-4CDA-B7C4-CD0DF1C55163}"
EndProject
Project("{FAE04EC0-301F-11D3-BF4B-00C04F79EFBC}") = "Paracord.Shared", "src\Paracord.Shared.csproj", "{511B22AD-0756-44C6-990F-E1062254CE2E}"
EndProject
Global
	GlobalSection(SolutionConfigurationPlatforms) = preSolution
		Debug|Any CPU = Debug|Any CPU
		Release|Any CPU = Release|Any CPU
	EndGlobalSection
	GlobalSection(SolutionProperties) = preSolution
		HideSolutionNode = FALSE
	EndGlobalSection
	GlobalSection(ProjectConfigurationPlatforms) = postSolution
		{4AA8F291-5555-4CDA-B7C4-CD0DF1C55163}.Debug|Any CPU.ActiveCfg = Debug|Any CPU
		{4AA8F291-5555-4CDA-B7C4-CD0DF1C55163}.Debug|Any CPU.Build.0 = Debug|Any CPU
		{4AA8F291-5555-4CDA-B7C4-CD0DF1C55163}.Release|Any CPU.ActiveCfg = Release|Any CPU
		{4AA8F291-5555-4CDA-B7C4-CD0DF1C55163}.Release|Any CPU.Build.0 = Release|Any CPU
		{511B22AD-0756-44C6-990F-E1062254CE2E}.Debug|Any CPU.ActiveCfg = Debug|Any CPU
		{511B22AD-0756-44C6-990F-E1062254CE2E}.Debug|Any CPU.Build.0 = Debug|Any CPU
		{511B22AD-0756-44C6-990F-E1062254CE2E}.Release|Any CPU.ActiveCfg = Release|Any CPU
		{511B22AD-0756-44C6-990F-E1062254CE2E}.Release|Any CPU.Build.0 = Release|Any CPU
	EndGlobalSection
EndGlobal
